
Microsoft Visual Studio Solution File, Format Version 12.00
# Visual Studio Version 17
VisualStudioVersion = 17.2.32526.322
MinimumVisualStudioVersion = 10.0.40219.1
Project("{FAE04EC0-301F-11D3-BF4B-00C04F79EFBC}") = "TheMagicCannon", "TheMagicCannon\TheMagicCannon.csproj", "{23A271E5-4DF9-4DA9-813F-AC8AB4283BAA}"
EndProject
Global
	GlobalSection(SolutionConfigurationPlatforms) = preSolution
		Debug|Any CPU = Debug|Any CPU
		Release|Any CPU = Release|Any CPU
	EndGlobalSection
	GlobalSection(ProjectConfigurationPlatforms) = postSolution
		{23A271E5-4DF9-4DA9-813F-AC8AB4283BAA}.Debug|Any CPU.ActiveCfg = Debug|Any CPU
		{23A271E5-4DF9-4DA9-813F-AC8AB4283BAA}.Debug|Any CPU.Build.0 = Debug|Any CPU
		{23A271E5-4DF9-4DA9-813F-AC8AB4283BAA}.Release|Any CPU.ActiveCfg = Release|Any CPU
		{23A271E5-4DF9-4DA9-813F-AC8AB4283BAA}.Release|Any CPU.Build.0 = Release|Any CPU
	EndGlobalSection
	GlobalSection(SolutionProperties) = preSolution
		HideSolutionNode = FALSE
	EndGlobalSection
	GlobalSection(ExtensibilityGlobals) = postSolution
		SolutionGuid = {0A5C52D9-FE45-42B9-9D21-0B688F97E233}
	EndGlobalSection
EndGlobal
