
Microsoft Visual Studio Solution File, Format Version 12.00
# Visual Studio Version 17
VisualStudioVersion = 17.2.32526.322
MinimumVisualStudioVersion = 10.0.40219.1
Project("{FAE04EC0-301F-11D3-BF4B-00C04F79EFBC}") = "TheVariableShop", "TheVariableShop\TheVariableShop.csproj", "{C6988746-C225-4299-902F-7CF6E9C870CB}"
EndProject
Global
	GlobalSection(SolutionConfigurationPlatforms) = preSolution
		Debug|Any CPU = Debug|Any CPU
		Release|Any CPU = Release|Any CPU
	EndGlobalSection
	GlobalSection(ProjectConfigurationPlatforms) = postSolution
		{C6988746-C225-4299-902F-7CF6E9C870CB}.Debug|Any CPU.ActiveCfg = Debug|Any CPU
		{C6988746-C225-4299-902F-7CF6E9C870CB}.Debug|Any CPU.Build.0 = Debug|Any CPU
		{C6988746-C225-4299-902F-7CF6E9C870CB}.Release|Any CPU.ActiveCfg = Release|Any CPU
		{C6988746-C225-4299-902F-7CF6E9C870CB}.Release|Any CPU.Build.0 = Release|Any CPU
	EndGlobalSection
	GlobalSection(SolutionProperties) = preSolution
		HideSolutionNode = FALSE
	EndGlobalSection
	GlobalSection(ExtensibilityGlobals) = postSolution
		SolutionGuid = {A034E28E-7A88-40FB-A662-70167B3C101B}
	EndGlobalSection
EndGlobal
