
Microsoft Visual Studio Solution File, Format Version 12.00
# Visual Studio Version 17
VisualStudioVersion = 17.2.32526.322
MinimumVisualStudioVersion = 10.0.40219.1
Project("{FAE04EC0-301F-11D3-BF4B-00C04F79EFBC}") = "ArrowFactories", "ArrowFactories\ArrowFactories.csproj", "{CB74D148-2C3C-47A5-BA72-D74A77B7FEED}"
EndProject
Global
	GlobalSection(SolutionConfigurationPlatforms) = preSolution
		Debug|Any CPU = Debug|Any CPU
		Release|Any CPU = Release|Any CPU
	EndGlobalSection
	GlobalSection(ProjectConfigurationPlatforms) = postSolution
		{CB74D148-2C3C-47A5-BA72-D74A77B7FEED}.Debug|Any CPU.ActiveCfg = Debug|Any CPU
		{CB74D148-2C3C-47A5-BA72-D74A77B7FEED}.Debug|Any CPU.Build.0 = Debug|Any CPU
		{CB74D148-2C3C-47A5-BA72-D74A77B7FEED}.Release|Any CPU.ActiveCfg = Release|Any CPU
		{CB74D148-2C3C-47A5-BA72-D74A77B7FEED}.Release|Any CPU.Build.0 = Release|Any CPU
	EndGlobalSection
	GlobalSection(SolutionProperties) = preSolution
		HideSolutionNode = FALSE
	EndGlobalSection
	GlobalSection(ExtensibilityGlobals) = postSolution
		SolutionGuid = {02CC2B0E-F280-4C64-AAF4-74902925F063}
	EndGlobalSection
EndGlobal
