
Microsoft Visual Studio Solution File, Format Version 12.00
# Visual Studio Version 17
VisualStudioVersion = 17.2.32526.322
MinimumVisualStudioVersion = 10.0.40219.1
Project("{FAE04EC0-301F-11D3-BF4B-00C04F79EFBC}") = "DefenseOfConsolas", "DefenseOfConsolas\DefenseOfConsolas.csproj", "{2CDA311D-20F2-42FC-A9F2-6B9553A9D07F}"
EndProject
Global
	GlobalSection(SolutionConfigurationPlatforms) = preSolution
		Debug|Any CPU = Debug|Any CPU
		Release|Any CPU = Release|Any CPU
	EndGlobalSection
	GlobalSection(ProjectConfigurationPlatforms) = postSolution
		{2CDA311D-20F2-42FC-A9F2-6B9553A9D07F}.Debug|Any CPU.ActiveCfg = Debug|Any CPU
		{2CDA311D-20F2-42FC-A9F2-6B9553A9D07F}.Debug|Any CPU.Build.0 = Debug|Any CPU
		{2CDA311D-20F2-42FC-A9F2-6B9553A9D07F}.Release|Any CPU.ActiveCfg = Release|Any CPU
		{2CDA311D-20F2-42FC-A9F2-6B9553A9D07F}.Release|Any CPU.Build.0 = Release|Any CPU
	EndGlobalSection
	GlobalSection(SolutionProperties) = preSolution
		HideSolutionNode = FALSE
	EndGlobalSection
	GlobalSection(ExtensibilityGlobals) = postSolution
		SolutionGuid = {C92FF3E4-5782-46D6-821A-5C05F99C8851}
	EndGlobalSection
EndGlobal
