
Microsoft Visual Studio Solution File, Format Version 12.00
# Visual Studio Version 17
VisualStudioVersion = 17.2.32526.322
MinimumVisualStudioVersion = 10.0.40219.1
Project("{FAE04EC0-301F-11D3-BF4B-00C04F79EFBC}") = "SimulasTest", "SimulasTest\SimulasTest.csproj", "{8899099C-0C85-4FAF-B50E-669DEA604527}"
EndProject
Global
	GlobalSection(SolutionConfigurationPlatforms) = preSolution
		Debug|Any CPU = Debug|Any CPU
		Release|Any CPU = Release|Any CPU
	EndGlobalSection
	GlobalSection(ProjectConfigurationPlatforms) = postSolution
		{8899099C-0C85-4FAF-B50E-669DEA604527}.Debug|Any CPU.ActiveCfg = Debug|Any CPU
		{8899099C-0C85-4FAF-B50E-669DEA604527}.Debug|Any CPU.Build.0 = Debug|Any CPU
		{8899099C-0C85-4FAF-B50E-669DEA604527}.Release|Any CPU.ActiveCfg = Release|Any CPU
		{8899099C-0C85-4FAF-B50E-669DEA604527}.Release|Any CPU.Build.0 = Release|Any CPU
	EndGlobalSection
	GlobalSection(SolutionProperties) = preSolution
		HideSolutionNode = FALSE
	EndGlobalSection
	GlobalSection(ExtensibilityGlobals) = postSolution
		SolutionGuid = {1A7B830A-0FA2-477B-96FD-F11025372F13}
	EndGlobalSection
EndGlobal
